{
    "_readme": [
        "This file locks the dependencies of your project to a known state",
        "Read more about it at https://getcomposer.org/doc/01-basic-usage.md#installing-dependencies",
        "This file is @generated automatically"
    ],
    "content-hash": "8026bb9be94e5af8b081fd166c874365",
    "packages": [
        {
            "name": "hokoo/wpconnections",
            "version": "dev-master",
            "source": {
                "type": "git",
                "url": "https://github.com/hokoo/wpConnections.git",
                "reference": "97ab488e96592c73ca7368d4e280d7773a77bd94"
            },
            "dist": {
                "type": "zip",
                "url": "https://api.github.com/repos/hokoo/wpConnections/zipball/97ab488e96592c73ca7368d4e280d7773a77bd94",
                "reference": "97ab488e96592c73ca7368d4e280d7773a77bd94",
                "shasum": ""
            },
            "require": {
                "php": "^8.1",
                "psr/log": ">=1.1",
                "ramsey/collection": "^1.3 || ^2.1.1"
            },
            "require-dev": {
                "composer/installers": "^2.3",
                "dealerdirect/phpcodesniffer-composer-installer": "^1.0",
                "johnpbloch/wordpress": "^6.7",
                "johnpbloch/wordpress-core-installer": "^2.0",
                "phpcompatibility/phpcompatibility-wp": "^2.1",
                "phpunit/phpunit": "9.6.x-dev",
                "squizlabs/php_codesniffer": "^3.7",
                "symfony/var-dumper": "5.4.x-dev",
                "wp-coding-standards/wpcs": "^2.3",
                "yoast/phpunit-polyfills": "^3.0"
            },
            "default-branch": true,
            "type": "library",
            "autoload": {
                "psr-4": {
                    "iTRON\\wpConnections\\Tests\\": "tests/",
                    "iTRON\\wpConnections\\": "src"
                }
            },
            "scripts": {
                "phpcs": [
                    "phpcs ./src/ --standard=./phpcs.xml"
                ],
                "phpcbf": [
                    "phpcbf ./src/ --standard=./phpcs.xml"
                ],
                "phpunit": [
                    "phpunit"
                ]
            },
            "license": [
                "GPL-2.0+"
            ],
            "description": "A library for many-to-many relationships in WordPress",
            "homepage": "https://github.com/hokoo/wpConnections",
            "time": "2026-04-26T05:55:52+00:00"
        },
        {
            "name": "hokoo/wppostable",
            "version": "dev-master",
            "source": {
                "type": "git",
                "url": "git@github.com:hokoo/wpPostAble.git",
                "reference": "88c9ea55879a0399787b2e198299438e372c1e78"
            },
            "dist": {
                "type": "zip",
                "url": "https://api.github.com/repos/hokoo/wpPostAble/zipball/88c9ea55879a0399787b2e198299438e372c1e78",
                "reference": "88c9ea55879a0399787b2e198299438e372c1e78",
                "shasum": ""
            },
            "require": {
                "ext-json": "*"
            },
            "default-branch": true,
            "type": "library",
            "autoload": {
                "psr-4": {
                    "iTRON\\wpPostAble\\": "src"
                }
            },
            "license": [
                "MIT"
            ],
            "authors": [
                {
                    "name": "Igor Tron",
                    "email": "public@itron.pro"
                }
            ],
            "description": "Library provides a functionality for associating your classes with WordPress class WP_Post.",
            "time": "2024-09-12T14:15:18+00:00"
        },
        {
            "name": "psr/log",
            "version": "3.0.2",
            "source": {
                "type": "git",
                "url": "https://github.com/php-fig/log.git",
                "reference": "f16e1d5863e37f8d8c2a01719f5b34baa2b714d3"
            },
            "dist": {
                "type": "zip",
                "url": "https://api.github.com/repos/php-fig/log/zipball/f16e1d5863e37f8d8c2a01719f5b34baa2b714d3",
                "reference": "f16e1d5863e37f8d8c2a01719f5b34baa2b714d3",
                "shasum": ""
            },
            "require": {
                "php": ">=8.0.0"
            },
            "type": "library",
            "extra": {
                "branch-alias": {
                    "dev-master": "3.x-dev"
                }
            },
            "autoload": {
                "psr-4": {
                    "Psr\\Log\\": "src"
                }
            },
            "notification-url": "https://packagist.org/downloads/",
            "license": [
                "MIT"
            ],
            "authors": [
                {
                    "name": "PHP-FIG",
                    "homepage": "https://www.php-fig.org/"
                }
            ],
            "description": "Common interface for logging libraries",
            "homepage": "https://github.com/php-fig/log",
            "keywords": [
                "log",
                "psr",
                "psr-3"
            ],
            "support": {
                "source": "https://github.com/php-fig/log/tree/3.0.2"
            },
            "time": "2024-09-11T13:17:53+00:00"
        },
        {
            "name": "ramsey/collection",
            "version": "2.1.1",
            "source": {
                "type": "git",
                "url": "https://github.com/ramsey/collection.git",
                "reference": "344572933ad0181accbf4ba763e85a0306a8c5e2"
            },
            "dist": {
                "type": "zip",
                "url": "https://api.github.com/repos/ramsey/collection/zipball/344572933ad0181accbf4ba763e85a0306a8c5e2",
                "reference": "344572933ad0181accbf4ba763e85a0306a8c5e2",
                "shasum": ""
            },
            "require": {
                "php": "^8.1"
            },
            "require-dev": {
                "captainhook/plugin-composer": "^5.3",
                "ergebnis/composer-normalize": "^2.45",
                "fakerphp/faker": "^1.24",
                "hamcrest/hamcrest-php": "^2.0",
                "jangregor/phpstan-prophecy": "^2.1",
                "mockery/mockery": "^1.6",
                "php-parallel-lint/php-console-highlighter": "^1.0",
                "php-parallel-lint/php-parallel-lint": "^1.4",
                "phpspec/prophecy-phpunit": "^2.3",
                "phpstan/extension-installer": "^1.4",
                "phpstan/phpstan": "^2.1",
                "phpstan/phpstan-mockery": "^2.0",
                "phpstan/phpstan-phpunit": "^2.0",
                "phpunit/phpunit": "^10.5",
                "ramsey/coding-standard": "^2.3",
                "ramsey/conventional-commits": "^1.6",
                "roave/security-advisories": "dev-latest"
            },
            "type": "library",
            "extra": {
                "captainhook": {
                    "force-install": true
                },
                "ramsey/conventional-commits": {
                    "configFile": "conventional-commits.json"
                }
            },
            "autoload": {
                "psr-4": {
                    "Ramsey\\Collection\\": "src/"
                }
            },
            "notification-url": "https://packagist.org/downloads/",
            "license": [
                "MIT"
            ],
            "authors": [
                {
                    "name": "Ben Ramsey",
                    "email": "ben@benramsey.com",
                    "homepage": "https://benramsey.com"
                }
            ],
            "description": "A PHP library for representing and manipulating collections.",
            "keywords": [
                "array",
                "collection",
                "hash",
                "map",
                "queue",
                "set"
            ],
            "support": {
                "issues": "https://github.com/ramsey/collection/issues",
                "source": "https://github.com/ramsey/collection/tree/2.1.1"
            },
            "time": "2025-03-22T05:38:12+00:00"
        }
    ],
    "packages-dev": [],
    "aliases": [],
    "minimum-stability": "stable",
    "stability-flags": {
        "hokoo/wpconnections": 20,
        "hokoo/wppostable": 20
    },
    "prefer-stable": false,
    "prefer-lowest": false,
    "platform": {
        "ext-json": "*",
        "php": ">=8.1"
    },
    "platform-dev": {},
    "plugin-api-version": "2.9.0"
}
